// !$*UTF8*$!
{
	archiveVersion = 1;
	classes = {
	};
	objectVersion = 48;
	objects = {

/* Begin PBXBuildFile section */
		BA5BDFB31FD0797D00C6257D /* ClothingController.swift in Sources */ = {isa = PBXBuildFile; fileRef = BA5BDFB21FD0797D00C6257D /* ClothingController.swift */; };
		BA5BDFB41FD0797D00C6257D /* ClothingController.swift in Sources */ = {isa = PBXBuildFile; fileRef = BA5BDFB21FD0797D00C6257D /* ClothingController.swift */; };
		BA600EA31FD848A2004846A9 /* UserInputTextField.swift in Sources */ = {isa = PBXBuildFile; fileRef = BA600EA21FD848A2004846A9 /* UserInputTextField.swift */; };
		BA600EA41FD848A2004846A9 /* UserInputTextField.swift in Sources */ = {isa = PBXBuildFile; fileRef = BA600EA21FD848A2004846A9 /* UserInputTextField.swift */; };
		BAA1DEDD1FD48A9B00036DB2 /* ClothingCell.swift in Sources */ = {isa = PBXBuildFile; fileRef = BAA1DEDC1FD48A9B00036DB2 /* ClothingCell.swift */; };
		BAA1DEDE1FD48A9B00036DB2 /* ClothingCell.swift in Sources */ = {isa = PBXBuildFile; fileRef = BAA1DEDC1FD48A9B00036DB2 /* ClothingCell.swift */; };
		BAC7C97A1FCB396300C05F87 /* PersonModel.swift in Sources */ = {isa = PBXBuildFile; fileRef = BAC7C9791FCB396300C05F87 /* PersonModel.swift */; };
		BAC7C97B1FCB396300C05F87 /* PersonModel.swift in Sources */ = {isa = PBXBuildFile; fileRef = BAC7C9791FCB396300C05F87 /* PersonModel.swift */; };
		BAC7C97E1FCB39D000C05F87 /* RealmSwift.framework in Frameworks */ = {isa = PBXBuildFile; fileRef = BAC7C97C1FCB39D000C05F87 /* RealmSwift.framework */; };
		BAC7C97F1FCB39D000C05F87 /* RealmSwift.framework in Embed Frameworks */ = {isa = PBXBuildFile; fileRef = BAC7C97C1FCB39D000C05F87 /* RealmSwift.framework */; settings = {ATTRIBUTES = (CodeSignOnCopy, RemoveHeadersOnCopy, ); }; };
		BAC7C9801FCB39D000C05F87 /* Realm.framework in Frameworks */ = {isa = PBXBuildFile; fileRef = BAC7C97D1FCB39D000C05F87 /* Realm.framework */; };
		BAC7C9811FCB39D000C05F87 /* Realm.framework in Embed Frameworks */ = {isa = PBXBuildFile; fileRef = BAC7C97D1FCB39D000C05F87 /* Realm.framework */; settings = {ATTRIBUTES = (CodeSignOnCopy, RemoveHeadersOnCopy, ); }; };
		BAC7C9841FCB3C8B00C05F87 /* ClothingModel.swift in Sources */ = {isa = PBXBuildFile; fileRef = BAC7C9831FCB3C8B00C05F87 /* ClothingModel.swift */; };
		BAC7C9851FCB3C8B00C05F87 /* ClothingModel.swift in Sources */ = {isa = PBXBuildFile; fileRef = BAC7C9831FCB3C8B00C05F87 /* ClothingModel.swift */; };
		BAC7C9871FCB3D7C00C05F87 /* RealmManager.swift in Sources */ = {isa = PBXBuildFile; fileRef = BAC7C9861FCB3D7C00C05F87 /* RealmManager.swift */; };
		BAC7C9881FCB3D7C00C05F87 /* RealmManager.swift in Sources */ = {isa = PBXBuildFile; fileRef = BAC7C9861FCB3D7C00C05F87 /* RealmManager.swift */; };
		BAC7C98A1FCB40AD00C05F87 /* AddPersonViewController.swift in Sources */ = {isa = PBXBuildFile; fileRef = BAC7C9891FCB40AD00C05F87 /* AddPersonViewController.swift */; };
		BAC7C98B1FCB40AD00C05F87 /* AddPersonViewController.swift in Sources */ = {isa = PBXBuildFile; fileRef = BAC7C9891FCB40AD00C05F87 /* AddPersonViewController.swift */; };
		BAC7C98D1FCB419400C05F87 /* PersonController.swift in Sources */ = {isa = PBXBuildFile; fileRef = BAC7C98C1FCB419400C05F87 /* PersonController.swift */; };
		BAC7C98E1FCB419400C05F87 /* PersonController.swift in Sources */ = {isa = PBXBuildFile; fileRef = BAC7C98C1FCB419400C05F87 /* PersonController.swift */; };
		BAC7C9911FCB42C200C05F87 /* ImageController.swift in Sources */ = {isa = PBXBuildFile; fileRef = BAC7C9901FCB42C200C05F87 /* ImageController.swift */; };
		BAC7C9921FCB42C200C05F87 /* ImageController.swift in Sources */ = {isa = PBXBuildFile; fileRef = BAC7C9901FCB42C200C05F87 /* ImageController.swift */; };
		BAC7C9941FCB45F900C05F87 /* PeopleTableViewController.swift in Sources */ = {isa = PBXBuildFile; fileRef = BAC7C9931FCB45F900C05F87 /* PeopleTableViewController.swift */; };
		BAC7C9951FCB45F900C05F87 /* PeopleTableViewController.swift in Sources */ = {isa = PBXBuildFile; fileRef = BAC7C9931FCB45F900C05F87 /* PeopleTableViewController.swift */; };
		BAC7C9971FCB49D700C05F87 /* PersonCell.swift in Sources */ = {isa = PBXBuildFile; fileRef = BAC7C9961FCB49D700C05F87 /* PersonCell.swift */; };
		BAC7C9981FCB49D700C05F87 /* PersonCell.swift in Sources */ = {isa = PBXBuildFile; fileRef = BAC7C9961FCB49D700C05F87 /* PersonCell.swift */; };
		BAC7C99A1FCB4AE700C05F87 /* PersonDetailsViewController.swift in Sources */ = {isa = PBXBuildFile; fileRef = BAC7C9991FCB4AE700C05F87 /* PersonDetailsViewController.swift */; };
		BAC7C99B1FCB4AE700C05F87 /* PersonDetailsViewController.swift in Sources */ = {isa = PBXBuildFile; fileRef = BAC7C9991FCB4AE700C05F87 /* PersonDetailsViewController.swift */; };
		BADB13D51FC9F4EA00C6413B /* AppDelegate.swift in Sources */ = {isa = PBXBuildFile; fileRef = BADB13D41FC9F4EA00C6413B /* AppDelegate.swift */; };
		BADB13DA1FC9F4EA00C6413B /* Main.storyboard in Resources */ = {isa = PBXBuildFile; fileRef = BADB13D81FC9F4EA00C6413B /* Main.storyboard */; };
		BADB13DC1FC9F4EA00C6413B /* Assets.xcassets in Resources */ = {isa = PBXBuildFile; fileRef = BADB13DB1FC9F4EA00C6413B /* Assets.xcassets */; };
		BADB13DF1FC9F4EA00C6413B /* LaunchScreen.storyboard in Resources */ = {isa = PBXBuildFile; fileRef = BADB13DD1FC9F4EA00C6413B /* LaunchScreen.storyboard */; };
		BADB13EA1FC9F4EA00C6413B /* My_ClosetTests.swift in Sources */ = {isa = PBXBuildFile; fileRef = BADB13E91FC9F4EA00C6413B /* My_ClosetTests.swift */; };
/* End PBXBuildFile section */

/* Begin PBXContainerItemProxy section */
		BADB13E61FC9F4EA00C6413B /* PBXContainerItemProxy */ = {
			isa = PBXContainerItemProxy;
			containerPortal = BADB13C91FC9F4EA00C6413B /* Project object */;
			proxyType = 1;
			remoteGlobalIDString = BADB13D01FC9F4EA00C6413B;
			remoteInfo = "My Closet";
		};
/* End PBXContainerItemProxy section */

/* Begin PBXCopyFilesBuildPhase section */
		BADB13FB1FC9F63B00C6413B /* Embed Frameworks */ = {
			isa = PBXCopyFilesBuildPhase;
			buildActionMask = 2147483647;
			dstPath = "";
			dstSubfolderSpec = 10;
			files = (
				BAC7C9811FCB39D000C05F87 /* Realm.framework in Embed Frameworks */,
				BAC7C97F1FCB39D000C05F87 /* RealmSwift.framework in Embed Frameworks */,
			);
			name = "Embed Frameworks";
			runOnlyForDeploymentPostprocessing = 0;
		};
/* End PBXCopyFilesBuildPhase section */

/* Begin PBXFileReference section */
		BA5BDFB21FD0797D00C6257D /* ClothingController.swift */ = {isa = PBXFileReference; lastKnownFileType = sourcecode.swift; path = ClothingController.swift; sourceTree = "<group>"; };
		BA600EA21FD848A2004846A9 /* UserInputTextField.swift */ = {isa = PBXFileReference; lastKnownFileType = sourcecode.swift; path = UserInputTextField.swift; sourceTree = "<group>"; };
		BAA1DEDC1FD48A9B00036DB2 /* ClothingCell.swift */ = {isa = PBXFileReference; lastKnownFileType = sourcecode.swift; path = ClothingCell.swift; sourceTree = "<group>"; };
		BAC7C9791FCB396300C05F87 /* PersonModel.swift */ = {isa = PBXFileReference; lastKnownFileType = sourcecode.swift; path = PersonModel.swift; sourceTree = "<group>"; };
		BAC7C97C1FCB39D000C05F87 /* RealmSwift.framework */ = {isa = PBXFileReference; lastKnownFileType = wrapper.framework; path = RealmSwift.framework; sourceTree = "<group>"; };
		BAC7C97D1FCB39D000C05F87 /* Realm.framework */ = {isa = PBXFileReference; lastKnownFileType = wrapper.framework; path = Realm.framework; sourceTree = "<group>"; };
		BAC7C9831FCB3C8B00C05F87 /* ClothingModel.swift */ = {isa = PBXFileReference; lastKnownFileType = sourcecode.swift; path = ClothingModel.swift; sourceTree = "<group>"; };
		BAC7C9861FCB3D7C00C05F87 /* RealmManager.swift */ = {isa = PBXFileReference; lastKnownFileType = sourcecode.swift; path = RealmManager.swift; sourceTree = "<group>"; };
		BAC7C9891FCB40AD00C05F87 /* AddPersonViewController.swift */ = {isa = PBXFileReference; lastKnownFileType = sourcecode.swift; path = AddPersonViewController.swift; sourceTree = "<group>"; };
		BAC7C98C1FCB419400C05F87 /* PersonController.swift */ = {isa = PBXFileReference; lastKnownFileType = sourcecode.swift; path = PersonController.swift; sourceTree = "<group>"; };
		BAC7C9901FCB42C200C05F87 /* ImageController.swift */ = {isa = PBXFileReference; lastKnownFileType = sourcecode.swift; path = ImageController.swift; sourceTree = "<group>"; };
		BAC7C9931FCB45F900C05F87 /* PeopleTableViewController.swift */ = {isa = PBXFileReference; lastKnownFileType = sourcecode.swift; path = PeopleTableViewController.swift; sourceTree = "<group>"; };
		BAC7C9961FCB49D700C05F87 /* PersonCell.swift */ = {isa = PBXFileReference; lastKnownFileType = sourcecode.swift; path = PersonCell.swift; sourceTree = "<group>"; };
		BAC7C9991FCB4AE700C05F87 /* PersonDetailsViewController.swift */ = {isa = PBXFileReference; lastKnownFileType = sourcecode.swift; path = PersonDetailsViewController.swift; sourceTree = "<group>"; };
		BADB13D11FC9F4EA00C6413B /* My Closet.app */ = {isa = PBXFileReference; explicitFileType = wrapper.application; includeInIndex = 0; path = "My Closet.app"; sourceTree = BUILT_PRODUCTS_DIR; };
		BADB13D41FC9F4EA00C6413B /* AppDelegate.swift */ = {isa = PBXFileReference; lastKnownFileType = sourcecode.swift; path = AppDelegate.swift; sourceTree = "<group>"; };
		BADB13D91FC9F4EA00C6413B /* Base */ = {isa = PBXFileReference; lastKnownFileType = file.storyboard; name = Base; path = Base.lproj/Main.storyboard; sourceTree = "<group>"; };
		BADB13DB1FC9F4EA00C6413B /* Assets.xcassets */ = {isa = PBXFileReference; lastKnownFileType = folder.assetcatalog; path = Assets.xcassets; sourceTree = "<group>"; };
		BADB13DE1FC9F4EA00C6413B /* Base */ = {isa = PBXFileReference; lastKnownFileType = file.storyboard; name = Base; path = Base.lproj/LaunchScreen.storyboard; sourceTree = "<group>"; };
		BADB13E01FC9F4EA00C6413B /* Info.plist */ = {isa = PBXFileReference; lastKnownFileType = text.plist.xml; path = Info.plist; sourceTree = "<group>"; };
		BADB13E51FC9F4EA00C6413B /* My ClosetTests.xctest */ = {isa = PBXFileReference; explicitFileType = wrapper.cfbundle; includeInIndex = 0; path = "My ClosetTests.xctest"; sourceTree = BUILT_PRODUCTS_DIR; };
		BADB13E91FC9F4EA00C6413B /* My_ClosetTests.swift */ = {isa = PBXFileReference; lastKnownFileType = sourcecode.swift; path = My_ClosetTests.swift; sourceTree = "<group>"; };
		BADB13EB1FC9F4EA00C6413B /* Info.plist */ = {isa = PBXFileReference; lastKnownFileType = text.plist.xml; path = Info.plist; sourceTree = "<group>"; };
/* End PBXFileReference section */

/* Begin PBXFrameworksBuildPhase section */
		BADB13CE1FC9F4EA00C6413B /* Frameworks */ = {
			isa = PBXFrameworksBuildPhase;
			buildActionMask = 2147483647;
			files = (
				BAC7C9801FCB39D000C05F87 /* Realm.framework in Frameworks */,
				BAC7C97E1FCB39D000C05F87 /* RealmSwift.framework in Frameworks */,
			);
			runOnlyForDeploymentPostprocessing = 0;
		};
		BADB13E21FC9F4EA00C6413B /* Frameworks */ = {
			isa = PBXFrameworksBuildPhase;
			buildActionMask = 2147483647;
			files = (
			);
			runOnlyForDeploymentPostprocessing = 0;
		};
/* End PBXFrameworksBuildPhase section */

/* Begin PBXGroup section */
		BAC7C9761FCB38D500C05F87 /* Controllers */ = {
			isa = PBXGroup;
			children = (
				BAC7C9861FCB3D7C00C05F87 /* RealmManager.swift */,
				BAC7C98C1FCB419400C05F87 /* PersonController.swift */,
				BA5BDFB21FD0797D00C6257D /* ClothingController.swift */,
				BAC7C9901FCB42C200C05F87 /* ImageController.swift */,
			);
			path = Controllers;
			sourceTree = "<group>";
		};
		BAC7C9771FCB38E200C05F87 /* Model */ = {
			isa = PBXGroup;
			children = (
				BAC7C9791FCB396300C05F87 /* PersonModel.swift */,
				BAC7C9831FCB3C8B00C05F87 /* ClothingModel.swift */,
			);
			path = Model;
			sourceTree = "<group>";
		};
		BAC7C9781FCB38E800C05F87 /* View */ = {
			isa = PBXGroup;
			children = (
				BAC7C9961FCB49D700C05F87 /* PersonCell.swift */,
				BAA1DEDC1FD48A9B00036DB2 /* ClothingCell.swift */,
				BA600EA21FD848A2004846A9 /* UserInputTextField.swift */,
			);
			path = View;
			sourceTree = "<group>";
		};
		BAC7C98F1FCB421C00C05F87 /* ViewControllers */ = {
			isa = PBXGroup;
			children = (
				BAC7C9891FCB40AD00C05F87 /* AddPersonViewController.swift */,
				BAC7C9931FCB45F900C05F87 /* PeopleTableViewController.swift */,
				BAC7C9991FCB4AE700C05F87 /* PersonDetailsViewController.swift */,
			);
			path = ViewControllers;
			sourceTree = "<group>";
		};
		BADB13C81FC9F4EA00C6413B = {
			isa = PBXGroup;
			children = (
				BADB13FC1FC9F64100C6413B /* Frameworks */,
				BADB13D31FC9F4EA00C6413B /* My Closet */,
				BADB13E81FC9F4EA00C6413B /* My ClosetTests */,
				BADB13D21FC9F4EA00C6413B /* Products */,
			);
			sourceTree = "<group>";
		};
		BADB13D21FC9F4EA00C6413B /* Products */ = {
			isa = PBXGroup;
			children = (
				BADB13D11FC9F4EA00C6413B /* My Closet.app */,
				BADB13E51FC9F4EA00C6413B /* My ClosetTests.xctest */,
			);
			name = Products;
			sourceTree = "<group>";
		};
		BADB13D31FC9F4EA00C6413B /* My Closet */ = {
			isa = PBXGroup;
			children = (
				BAC7C98F1FCB421C00C05F87 /* ViewControllers */,
				BAC7C9781FCB38E800C05F87 /* View */,
				BAC7C9771FCB38E200C05F87 /* Model */,
				BAC7C9761FCB38D500C05F87 /* Controllers */,
				BADB13D41FC9F4EA00C6413B /* AppDelegate.swift */,
				BADB13D81FC9F4EA00C6413B /* Main.storyboard */,
				BADB13DB1FC9F4EA00C6413B /* Assets.xcassets */,
				BADB13DD1FC9F4EA00C6413B /* LaunchScreen.storyboard */,
				BADB13E01FC9F4EA00C6413B /* Info.plist */,
			);
			path = "My Closet";
			sourceTree = "<group>";
		};
		BADB13E81FC9F4EA00C6413B /* My ClosetTests */ = {
			isa = PBXGroup;
			children = (
				BADB13E91FC9F4EA00C6413B /* My_ClosetTests.swift */,
				BADB13EB1FC9F4EA00C6413B /* Info.plist */,
			);
			path = "My ClosetTests";
			sourceTree = "<group>";
		};
		BADB13FC1FC9F64100C6413B /* Frameworks */ = {
			isa = PBXGroup;
			children = (
				BAC7C97D1FCB39D000C05F87 /* Realm.framework */,
				BAC7C97C1FCB39D000C05F87 /* RealmSwift.framework */,
			);
			path = Frameworks;
			sourceTree = "<group>";
		};
/* End PBXGroup section */

/* Begin PBXNativeTarget section */
		BADB13D01FC9F4EA00C6413B /* My Closet */ = {
			isa = PBXNativeTarget;
			buildConfigurationList = BADB13EE1FC9F4EA00C6413B /* Build configuration list for PBXNativeTarget "My Closet" */;
			buildPhases = (
				BADB13CD1FC9F4EA00C6413B /* Sources */,
				BADB13CE1FC9F4EA00C6413B /* Frameworks */,
				BADB13CF1FC9F4EA00C6413B /* Resources */,
				BADB13FB1FC9F63B00C6413B /* Embed Frameworks */,
				BAC7C9821FCB3BF700C05F87 /* ShellScript */,
			);
			buildRules = (
			);
			dependencies = (
			);
			name = "My Closet";
			productName = "My Closet";
			productReference = BADB13D11FC9F4EA00C6413B /* My Closet.app */;
			productType = "com.apple.product-type.application";
		};
		BADB13E41FC9F4EA00C6413B /* My ClosetTests */ = {
			isa = PBXNativeTarget;
			buildConfigurationList = BADB13F11FC9F4EA00C6413B /* Build configuration list for PBXNativeTarget "My ClosetTests" */;
			buildPhases = (
				BADB13E11FC9F4EA00C6413B /* Sources */,
				BADB13E21FC9F4EA00C6413B /* Frameworks */,
				BADB13E31FC9F4EA00C6413B /* Resources */,
			);
			buildRules = (
			);
			dependencies = (
				BADB13E71FC9F4EA00C6413B /* PBXTargetDependency */,
			);
			name = "My ClosetTests";
			productName = "My ClosetTests";
			productReference = BADB13E51FC9F4EA00C6413B /* My ClosetTests.xctest */;
			productType = "com.apple.product-type.bundle.unit-test";
		};
/* End PBXNativeTarget section */

/* Begin PBXProject section */
		BADB13C91FC9F4EA00C6413B /* Project object */ = {
			isa = PBXProject;
			attributes = {
				LastSwiftUpdateCheck = 0910;
				LastUpgradeCheck = 0910;
				ORGANIZATIONNAME = "Matthew Curtner";
				TargetAttributes = {
					BADB13D01FC9F4EA00C6413B = {
						CreatedOnToolsVersion = 9.1;
						ProvisioningStyle = Automatic;
					};
					BADB13E41FC9F4EA00C6413B = {
						CreatedOnToolsVersion = 9.1;
						ProvisioningStyle = Automatic;
						TestTargetID = BADB13D01FC9F4EA00C6413B;
					};
				};
			};
			buildConfigurationList = BADB13CC1FC9F4EA00C6413B /* Build configuration list for PBXProject "My Closet" */;
			compatibilityVersion = "Xcode 8.0";
			developmentRegion = en;
			hasScannedForEncodings = 0;
			knownRegions = (
				en,
				Base,
			);
			mainGroup = BADB13C81FC9F4EA00C6413B;
			productRefGroup = BADB13D21FC9F4EA00C6413B /* Products */;
			projectDirPath = "";
			projectRoot = "";
			targets = (
				BADB13D01FC9F4EA00C6413B /* My Closet */,
				BADB13E41FC9F4EA00C6413B /* My ClosetTests */,
			);
		};
/* End PBXProject section */

/* Begin PBXResourcesBuildPhase section */
		BADB13CF1FC9F4EA00C6413B /* Resources */ = {
			isa = PBXResourcesBuildPhase;
			buildActionMask = 2147483647;
			files = (
				BADB13DF1FC9F4EA00C6413B /* LaunchScreen.storyboard in Resources */,
				BADB13DC1FC9F4EA00C6413B /* Assets.xcassets in Resources */,
				BADB13DA1FC9F4EA00C6413B /* Main.storyboard in Resources */,
			);
			runOnlyForDeploymentPostprocessing = 0;
		};
		BADB13E31FC9F4EA00C6413B /* Resources */ = {
			isa = PBXResourcesBuildPhase;
			buildActionMask = 2147483647;
			files = (
			);
			runOnlyForDeploymentPostprocessing = 0;
		};
/* End PBXResourcesBuildPhase section */

/* Begin PBXShellScriptBuildPhase section */
		BAC7C9821FCB3BF700C05F87 /* ShellScript */ = {
			isa = PBXShellScriptBuildPhase;
			buildActionMask = 2147483647;
			files = (
			);
			inputPaths = (
			);
			outputPaths = (
			);
			runOnlyForDeploymentPostprocessing = 0;
			shellPath = /bin/sh;
			shellScript = "bash \"${BUILT_PRODUCTS_DIR}/${FRAMEWORKS_FOLDER_PATH}/Realm.framework/strip-frameworks.sh\"";
		};
/* End PBXShellScriptBuildPhase section */

/* Begin PBXSourcesBuildPhase section */
		BADB13CD1FC9F4EA00C6413B /* Sources */ = {
			isa = PBXSourcesBuildPhase;
			buildActionMask = 2147483647;
			files = (
				BAC7C99A1FCB4AE700C05F87 /* PersonDetailsViewController.swift in Sources */,
				BAA1DEDD1FD48A9B00036DB2 /* ClothingCell.swift in Sources */,
				BAC7C9911FCB42C200C05F87 /* ImageController.swift in Sources */,
				BAC7C97A1FCB396300C05F87 /* PersonModel.swift in Sources */,
				BA5BDFB31FD0797D00C6257D /* ClothingController.swift in Sources */,
				BA600EA31FD848A2004846A9 /* UserInputTextField.swift in Sources */,
				BAC7C9871FCB3D7C00C05F87 /* RealmManager.swift in Sources */,
				BAC7C9971FCB49D700C05F87 /* PersonCell.swift in Sources */,
				BADB13D51FC9F4EA00C6413B /* AppDelegate.swift in Sources */,
				BAC7C9841FCB3C8B00C05F87 /* ClothingModel.swift in Sources */,
				BAC7C98D1FCB419400C05F87 /* PersonController.swift in Sources */,
				BAC7C9941FCB45F900C05F87 /* PeopleTableViewController.swift in Sources */,
				BAC7C98A1FCB40AD00C05F87 /* AddPersonViewController.swift in Sources */,
			);
			runOnlyForDeploymentPostprocessing = 0;
		};
		BADB13E11FC9F4EA00C6413B /* Sources */ = {
			isa = PBXSourcesBuildPhase;
			buildActionMask = 2147483647;
			files = (
				BAC7C99B1FCB4AE700C05F87 /* PersonDetailsViewController.swift in Sources */,
				BAA1DEDE1FD48A9B00036DB2 /* ClothingCell.swift in Sources */,
				BAC7C9921FCB42C200C05F87 /* ImageController.swift in Sources */,
				BAC7C97B1FCB396300C05F87 /* PersonModel.swift in Sources */,
				BA5BDFB41FD0797D00C6257D /* ClothingController.swift in Sources */,
				BA600EA41FD848A2004846A9 /* UserInputTextField.swift in Sources */,
				BAC7C9881FCB3D7C00C05F87 /* RealmManager.swift in Sources */,
				BAC7C9981FCB49D700C05F87 /* PersonCell.swift in Sources */,
				BADB13EA1FC9F4EA00C6413B /* My_ClosetTests.swift in Sources */,
				BAC7C9851FCB3C8B00C05F87 /* ClothingModel.swift in Sources */,
				BAC7C98E1FCB419400C05F87 /* PersonController.swift in Sources */,
				BAC7C9951FCB45F900C05F87 /* PeopleTableViewController.swift in Sources */,
				BAC7C98B1FCB40AD00C05F87 /* AddPersonViewController.swift in Sources */,
			);
			runOnlyForDeploymentPostprocessing = 0;
		};
/* End PBXSourcesBuildPhase section */

/* Begin PBXTargetDependency section */
		BADB13E71FC9F4EA00C6413B /* PBXTargetDependency */ = {
			isa = PBXTargetDependency;
			target = BADB13D01FC9F4EA00C6413B /* My Closet */;
			targetProxy = BADB13E61FC9F4EA00C6413B /* PBXContainerItemProxy */;
		};
/* End PBXTargetDependency section */

/* Begin PBXVariantGroup section */
		BADB13D81FC9F4EA00C6413B /* Main.storyboard */ = {
			isa = PBXVariantGroup;
			children = (
				BADB13D91FC9F4EA00C6413B /* Base */,
			);
			name = Main.storyboard;
			sourceTree = "<group>";
		};
		BADB13DD1FC9F4EA00C6413B /* LaunchScreen.storyboard */ = {
			isa = PBXVariantGroup;
			children = (
				BADB13DE1FC9F4EA00C6413B /* Base */,
			);
			name = LaunchScreen.storyboard;
			sourceTree = "<group>";
		};
/* End PBXVariantGroup section */

/* Begin XCBuildConfiguration section */
		BADB13EC1FC9F4EA00C6413B /* Debug */ = {
			isa = XCBuildConfiguration;
			buildSettings = {
				ALWAYS_SEARCH_USER_PATHS = NO;
				CLANG_ANALYZER_NONNULL = YES;
				CLANG_ANALYZER_NUMBER_OBJECT_CONVERSION = YES_AGGRESSIVE;
				CLANG_CXX_LANGUAGE_STANDARD = "gnu++14";
				CLANG_CXX_LIBRARY = "libc++";
				CLANG_ENABLE_MODULES = YES;
				CLANG_ENABLE_OBJC_ARC = YES;
				CLANG_WARN_BLOCK_CAPTURE_AUTORELEASING = YES;
				CLANG_WARN_BOOL_CONVERSION = YES;
				CLANG_WARN_COMMA = YES;
				CLANG_WARN_CONSTANT_CONVERSION = YES;
				CLANG_WARN_DIRECT_OBJC_ISA_USAGE = YES_ERROR;
				CLANG_WARN_DOCUMENTATION_COMMENTS = YES;
				CLANG_WARN_EMPTY_BODY = YES;
				CLANG_WARN_ENUM_CONVERSION = YES;
				CLANG_WARN_INFINITE_RECURSION = YES;
				CLANG_WARN_INT_CONVERSION = YES;
				CLANG_WARN_NON_LITERAL_NULL_CONVERSION = YES;
				CLANG_WARN_OBJC_LITERAL_CONVERSION = YES;
				CLANG_WARN_OBJC_ROOT_CLASS = YES_ERROR;
				CLANG_WARN_RANGE_LOOP_ANALYSIS = YES;
				CLANG_WARN_STRICT_PROTOTYPES = YES;
				CLANG_WARN_SUSPICIOUS_MOVE = YES;
				CLANG_WARN_UNGUARDED_AVAILABILITY = YES_AGGRESSIVE;
				CLANG_WARN_UNREACHABLE_CODE = YES;
				CLANG_WARN__DUPLICATE_METHOD_MATCH = YES;
				CODE_SIGN_IDENTITY = "iPhone Developer";
				COPY_PHASE_STRIP = NO;
				DEBUG_INFORMATION_FORMAT = dwarf;
				ENABLE_STRICT_OBJC_MSGSEND = YES;
				ENABLE_TESTABILITY = YES;
				GCC_C_LANGUAGE_STANDARD = gnu11;
				GCC_DYNAMIC_NO_PIC = NO;
				GCC_NO_COMMON_BLOCKS = YES;
				GCC_OPTIMIZATION_LEVEL = 0;
				GCC_PREPROCESSOR_DEFINITIONS = (
					"DEBUG=1",
					"$(inherited)",
				);
				GCC_WARN_64_TO_32_BIT_CONVERSION = YES;
				GCC_WARN_ABOUT_RETURN_TYPE = YES_ERROR;
				GCC_WARN_UNDECLARED_SELECTOR = YES;
				GCC_WARN_UNINITIALIZED_AUTOS = YES_AGGRESSIVE;
				GCC_WARN_UNUSED_FUNCTION = YES;
				GCC_WARN_UNUSED_VARIABLE = YES;
				IPHONEOS_DEPLOYMENT_TARGET = 11.1;
				MTL_ENABLE_DEBUG_INFO = YES;
				ONLY_ACTIVE_ARCH = YES;
				SDKROOT = iphoneos;
				SWIFT_ACTIVE_COMPILATION_CONDITIONS = DEBUG;
				SWIFT_OPTIMIZATION_LEVEL = "-Onone";
			};
			name = Debug;
		};
		BADB13ED1FC9F4EA00C6413B /* Release */ = {
			isa = XCBuildConfiguration;
			buildSettings = {
				ALWAYS_SEARCH_USER_PATHS = NO;
				CLANG_ANALYZER_NONNULL = YES;
				CLANG_ANALYZER_NUMBER_OBJECT_CONVERSION = YES_AGGRESSIVE;
				CLANG_CXX_LANGUAGE_STANDARD = "gnu++14";
				CLANG_CXX_LIBRARY = "libc++";
				CLANG_ENABLE_MODULES = YES;
				CLANG_ENABLE_OBJC_ARC = YES;
				CLANG_WARN_BLOCK_CAPTURE_AUTORELEASING = YES;
				CLANG_WARN_BOOL_CONVERSION = YES;
				CLANG_WARN_COMMA = YES;
				CLANG_WARN_CONSTANT_CONVERSION = YES;
				CLANG_WARN_DIRECT_OBJC_ISA_USAGE = YES_ERROR;
				CLANG_WARN_DOCUMENTATION_COMMENTS = YES;
				CLANG_WARN_EMPTY_BODY = YES;
				CLANG_WARN_ENUM_CONVERSION = YES;
				CLANG_WARN_INFINITE_RECURSION = YES;
				CLANG_WARN_INT_CONVERSION = YES;
				CLANG_WARN_NON_LITERAL_NULL_CONVERSION = YES;
				CLANG_WARN_OBJC_LITERAL_CONVERSION = YES;
				CLANG_WARN_OBJC_ROOT_CLASS = YES_ERROR;
				CLANG_WARN_RANGE_LOOP_ANALYSIS = YES;
				CLANG_WARN_STRICT_PROTOTYPES = YES;
				CLANG_WARN_SUSPICIOUS_MOVE = YES;
				CLANG_WARN_UNGUARDED_AVAILABILITY = YES_AGGRESSIVE;
				CLANG_WARN_UNREACHABLE_CODE = YES;
				CLANG_WARN__DUPLICATE_METHOD_MATCH = YES;
				CODE_SIGN_IDENTITY = "iPhone Developer";
				COPY_PHASE_STRIP = NO;
				DEBUG_INFORMATION_FORMAT = "dwarf-with-dsym";
				ENABLE_NS_ASSERTIONS = NO;
				ENABLE_STRICT_OBJC_MSGSEND = YES;
				GCC_C_LANGUAGE_STANDARD = gnu11;
				GCC_NO_COMMON_BLOCKS = YES;
				GCC_WARN_64_TO_32_BIT_CONVERSION = YES;
				GCC_WARN_ABOUT_RETURN_TYPE = YES_ERROR;
				GCC_WARN_UNDECLARED_SELECTOR = YES;
				GCC_WARN_UNINITIALIZED_AUTOS = YES_AGGRESSIVE;
				GCC_WARN_UNUSED_FUNCTION = YES;
				GCC_WARN_UNUSED_VARIABLE = YES;
				IPHONEOS_DEPLOYMENT_TARGET = 11.1;
				MTL_ENABLE_DEBUG_INFO = NO;
				SDKROOT = iphoneos;
				SWIFT_OPTIMIZATION_LEVEL = "-Owholemodule";
				VALIDATE_PRODUCT = YES;
			};
			name = Release;
		};
		BADB13EF1FC9F4EA00C6413B /* Debug */ = {
			isa = XCBuildConfiguration;
			buildSettings = {
				ASSETCATALOG_COMPILER_APPICON_NAME = AppIcon;
				CODE_SIGN_STYLE = Automatic;
				DEVELOPMENT_TEAM = M77G4VQ69B;
				FRAMEWORK_SEARCH_PATHS = (
					"$(inherited)",
					"$(PROJECT_DIR)",
					"$(PROJECT_DIR)/Frameworks",
				);
				INFOPLIST_FILE = "My Closet/Info.plist";
				LD_RUNPATH_SEARCH_PATHS = "$(inherited) @executable_path/Frameworks";
				PRODUCT_BUNDLE_IDENTIFIER = "com.matthewcurtner.My-Closet";
				PRODUCT_NAME = "$(TARGET_NAME)";
				SWIFT_VERSION = 4.0;
				TARGETED_DEVICE_FAMILY = "1,2";
			};
			name = Debug;
		};
		BADB13F01FC9F4EA00C6413B /* Release */ = {
			isa = XCBuildConfiguration;
			buildSettings = {
				ASSETCATALOG_COMPILER_APPICON_NAME = AppIcon;
				CODE_SIGN_STYLE = Automatic;
				DEVELOPMENT_TEAM = M77G4VQ69B;
				FRAMEWORK_SEARCH_PATHS = (
					"$(inherited)",
					"$(PROJECT_DIR)",
					"$(PROJECT_DIR)/Frameworks",
				);
				INFOPLIST_FILE = "My Closet/Info.plist";
				LD_RUNPATH_SEARCH_PATHS = "$(inherited) @executable_path/Frameworks";
				PRODUCT_BUNDLE_IDENTIFIER = "com.matthewcurtner.My-Closet";
				PRODUCT_NAME = "$(TARGET_NAME)";
				SWIFT_VERSION = 4.0;
				TARGETED_DEVICE_FAMILY = "1,2";
			};
			name = Release;
		};
		BADB13F21FC9F4EA00C6413B /* Debug */ = {
			isa = XCBuildConfiguration;
			buildSettings = {
				ALWAYS_EMBED_SWIFT_STANDARD_LIBRARIES = YES;
				BUNDLE_LOADER = "$(TEST_HOST)";
				CODE_SIGN_STYLE = Automatic;
				DEVELOPMENT_TEAM = M77G4VQ69B;
				FRAMEWORK_SEARCH_PATHS = "$(PROJECT_DIR)/Frameworks";
				INFOPLIST_FILE = "My ClosetTests/Info.plist";
				LD_RUNPATH_SEARCH_PATHS = "$(inherited) @executable_path/Frameworks @loader_path/Frameworks";
				PRODUCT_BUNDLE_IDENTIFIER = "com.matthewcurtner.My-ClosetTests";
				PRODUCT_NAME = "$(TARGET_NAME)";
				SWIFT_VERSION = 4.0;
				TARGETED_DEVICE_FAMILY = "1,2";
				TEST_HOST = "$(BUILT_PRODUCTS_DIR)/My Closet.app/My Closet";
			};
			name = Debug;
		};
		BADB13F31FC9F4EA00C6413B /* Release */ = {
			isa = XCBuildConfiguration;
			buildSettings = {
				ALWAYS_EMBED_SWIFT_STANDARD_LIBRARIES = YES;
				BUNDLE_LOADER = "$(TEST_HOST)";
				CODE_SIGN_STYLE = Automatic;
				DEVELOPMENT_TEAM = M77G4VQ69B;
				FRAMEWORK_SEARCH_PATHS = "$(PROJECT_DIR)/Frameworks";
				INFOPLIST_FILE = "My ClosetTests/Info.plist";
				LD_RUNPATH_SEARCH_PATHS = "$(inherited) @executable_path/Frameworks @loader_path/Frameworks";
				PRODUCT_BUNDLE_IDENTIFIER = "com.matthewcurtner.My-ClosetTests";
				PRODUCT_NAME = "$(TARGET_NAME)";
				SWIFT_VERSION = 4.0;
				TARGETED_DEVICE_FAMILY = "1,2";
				TEST_HOST = "$(BUILT_PRODUCTS_DIR)/My Closet.app/My Closet";
			};
			name = Release;
		};
/* End XCBuildConfiguration section */

/* Begin XCConfigurationList section */
		BADB13CC1FC9F4EA00C6413B /* Build configuration list for PBXProject "My Closet" */ = {
			isa = XCConfigurationList;
			buildConfigurations = (
				BADB13EC1FC9F4EA00C6413B /* Debug */,
				BADB13ED1FC9F4EA00C6413B /* Release */,
			);
			defaultConfigurationIsVisible = 0;
			defaultConfigurationName = Release;
		};
		BADB13EE1FC9F4EA00C6413B /* Build configuration list for PBXNativeTarget "My Closet" */ = {
			isa = XCConfigurationList;
			buildConfigurations = (
				BADB13EF1FC9F4EA00C6413B /* Debug */,
				BADB13F01FC9F4EA00C6413B /* Release */,
			);
			defaultConfigurationIsVisible = 0;
			defaultConfigurationName = Release;
		};
		BADB13F11FC9F4EA00C6413B /* Build configuration list for PBXNativeTarget "My ClosetTests" */ = {
			isa = XCConfigurationList;
			buildConfigurations = (
				BADB13F21FC9F4EA00C6413B /* Debug */,
				BADB13F31FC9F4EA00C6413B /* Release */,
			);
			defaultConfigurationIsVisible = 0;
			defaultConfigurationName = Release;
		};
/* End XCConfigurationList section */
	};
	rootObject = BADB13C91FC9F4EA00C6413B /* Project object */;
}
